// !$*UTF8*$!
{
	archiveVersion = 1;
	classes = {
	};
	objectVersion = 46;
	objects = {

/* Begin PBXBuildFile section */
		E27AB38B1B9FD3CB00A1EE50 /* AVFoundation.framework in Frameworks */ = {isa = PBXBuildFile; fileRef = E27AB38A1B9FD3CB00A1EE50 /* AVFoundation.framework */; };
		E27F9A111A6ED9FB00499BBA /* main.m in Sources */ = {isa = PBXBuildFile; fileRef = E27F9A101A6ED9FB00499BBA /* main.m */; };
		E27F9A141A6ED9FB00499BBA /* AppDelegate.m in Sources */ = {isa = PBXBuildFile; fileRef = E27F9A131A6ED9FB00499BBA /* AppDelegate.m */; };
		E27F9A171A6ED9FB00499BBA /* ViewController.m in Sources */ = {isa = PBXBuildFile; fileRef = E27F9A161A6ED9FB00499BBA /* ViewController.m */; };
		E27F9A1A1A6ED9FB00499BBA /* Main.storyboard in Resources */ = {isa = PBXBuildFile; fileRef = E27F9A181A6ED9FB00499BBA /* Main.storyboard */; };
		E27F9A1C1A6ED9FB00499BBA /* Images.xcassets in Resources */ = {isa = PBXBuildFile; fileRef = E27F9A1B1A6ED9FB00499BBA /* Images.xcassets */; };
		E27F9A1F1A6ED9FB00499BBA /* LaunchScreen.xib in Resources */ = {isa = PBXBuildFile; fileRef = E27F9A1D1A6ED9FB00499BBA /* LaunchScreen.xib */; };
		E27F9A2B1A6ED9FB00499BBA /* enCloseTests.m in Sources */ = {isa = PBXBuildFile; fileRef = E27F9A2A1A6ED9FB00499BBA /* enCloseTests.m */; };
		E27F9A351A6EDA4600499BBA /* www in Resources */ = {isa = PBXBuildFile; fileRef = E27F9A341A6EDA4600499BBA /* www */; };
/* End PBXBuildFile section */

/* Begin PBXContainerItemProxy section */
		E27F9A251A6ED9FB00499BBA /* PBXContainerItemProxy */ = {
			isa = PBXContainerItemProxy;
			containerPortal = E27F9A031A6ED9FB00499BBA /* Project object */;
			proxyType = 1;
			remoteGlobalIDString = E27F9A0A1A6ED9FB00499BBA;
			remoteInfo = enClose;
		};
/* End PBXContainerItemProxy section */

/* Begin PBXFileReference section */
		E270B4371B87962600B07717 /* AudioToolbox.framework */ = {isa = PBXFileReference; lastKnownFileType = wrapper.framework; name = AudioToolbox.framework; path = System/Library/Frameworks/AudioToolbox.framework; sourceTree = SDKROOT; };
		E27AB38A1B9FD3CB00A1EE50 /* AVFoundation.framework */ = {isa = PBXFileReference; lastKnownFileType = wrapper.framework; name = AVFoundation.framework; path = System/Library/Frameworks/AVFoundation.framework; sourceTree = SDKROOT; };
		E27F9A0B1A6ED9FB00499BBA /* enClose.app */ = {isa = PBXFileReference; explicitFileType = wrapper.application; includeInIndex = 0; path = enClose.app; sourceTree = BUILT_PRODUCTS_DIR; };
		E27F9A0F1A6ED9FB00499BBA /* Info.plist */ = {isa = PBXFileReference; lastKnownFileType = text.plist.xml; path = Info.plist; sourceTree = "<group>"; };
		E27F9A101A6ED9FB00499BBA /* main.m */ = {isa = PBXFileReference; lastKnownFileType = sourcecode.c.objc; path = main.m; sourceTree = "<group>"; };
		E27F9A121A6ED9FB00499BBA /* AppDelegate.h */ = {isa = PBXFileReference; lastKnownFileType = sourcecode.c.h; path = AppDelegate.h; sourceTree = "<group>"; };
		E27F9A131A6ED9FB00499BBA /* AppDelegate.m */ = {isa = PBXFileReference; lastKnownFileType = sourcecode.c.objc; path = AppDelegate.m; sourceTree = "<group>"; };
		E27F9A151A6ED9FB00499BBA /* ViewController.h */ = {isa = PBXFileReference; lastKnownFileType = sourcecode.c.h; path = ViewController.h; sourceTree = "<group>"; };
		E27F9A161A6ED9FB00499BBA /* ViewController.m */ = {isa = PBXFileReference; lastKnownFileType = sourcecode.c.objc; path = ViewController.m; sourceTree = "<group>"; };
		E27F9A191A6ED9FB00499BBA /* Base */ = {isa = PBXFileReference; lastKnownFileType = file.storyboard; name = Base; path = Base.lproj/Main.storyboard; sourceTree = "<group>"; };
		E27F9A1B1A6ED9FB00499BBA /* Images.xcassets */ = {isa = PBXFileReference; lastKnownFileType = folder.assetcatalog; path = Images.xcassets; sourceTree = "<group>"; };
		E27F9A1E1A6ED9FB00499BBA /* Base */ = {isa = PBXFileReference; lastKnownFileType = file.xib; name = Base; path = Base.lproj/LaunchScreen.xib; sourceTree = "<group>"; };
		E27F9A241A6ED9FB00499BBA /* enCloseTests.xctest */ = {isa = PBXFileReference; explicitFileType = wrapper.cfbundle; includeInIndex = 0; path = enCloseTests.xctest; sourceTree = BUILT_PRODUCTS_DIR; };
		E27F9A291A6ED9FB00499BBA /* Info.plist */ = {isa = PBXFileReference; lastKnownFileType = text.plist.xml; path = Info.plist; sourceTree = "<group>"; };
		E27F9A2A1A6ED9FB00499BBA /* enCloseTests.m */ = {isa = PBXFileReference; lastKnownFileType = sourcecode.c.objc; path = enCloseTests.m; sourceTree = "<group>"; };
		E27F9A341A6EDA4600499BBA /* www */ = {isa = PBXFileReference; lastKnownFileType = folder; path = www; sourceTree = "<group>"; };
/* End PBXFileReference section */

/* Begin PBXFrameworksBuildPhase section */
		E27F9A081A6ED9FB00499BBA /* Frameworks */ = {
			isa = PBXFrameworksBuildPhase;
			buildActionMask = 2147483647;
			files = (
				E27AB38B1B9FD3CB00A1EE50 /* AVFoundation.framework in Frameworks */,
			);
			runOnlyForDeploymentPostprocessing = 0;
		};
		E27F9A211A6ED9FB00499BBA /* Frameworks */ = {
			isa = PBXFrameworksBuildPhase;
			buildActionMask = 2147483647;
			files = (
			);
			runOnlyForDeploymentPostprocessing = 0;
		};
/* End PBXFrameworksBuildPhase section */

/* Begin PBXGroup section */
		E27F9A021A6ED9FB00499BBA = {
			isa = PBXGroup;
			children = (
				E27AB38A1B9FD3CB00A1EE50 /* AVFoundation.framework */,
				E270B4371B87962600B07717 /* AudioToolbox.framework */,
				E27F9A341A6EDA4600499BBA /* www */,
				E27F9A0D1A6ED9FB00499BBA /* enClose */,
				E27F9A271A6ED9FB00499BBA /* enCloseTests */,
				E27F9A0C1A6ED9FB00499BBA /* Products */,
			);
			sourceTree = "<group>";
		};
		E27F9A0C1A6ED9FB00499BBA /* Products */ = {
			isa = PBXGroup;
			children = (
				E27F9A0B1A6ED9FB00499BBA /* enClose.app */,
				E27F9A241A6ED9FB00499BBA /* enCloseTests.xctest */,
			);
			name = Products;
			sourceTree = "<group>";
		};
		E27F9A0D1A6ED9FB00499BBA /* enClose */ = {
			isa = PBXGroup;
			children = (
				E27F9A121A6ED9FB00499BBA /* AppDelegate.h */,
				E27F9A131A6ED9FB00499BBA /* AppDelegate.m */,
				E27F9A151A6ED9FB00499BBA /* ViewController.h */,
				E27F9A161A6ED9FB00499BBA /* ViewController.m */,
				E27F9A181A6ED9FB00499BBA /* Main.storyboard */,
				E27F9A1B1A6ED9FB00499BBA /* Images.xcassets */,
				E27F9A1D1A6ED9FB00499BBA /* LaunchScreen.xib */,
				E27F9A0E1A6ED9FB00499BBA /* Supporting Files */,
			);
			path = enClose;
			sourceTree = "<group>";
		};
		E27F9A0E1A6ED9FB00499BBA /* Supporting Files */ = {
			isa = PBXGroup;
			children = (
				E27F9A0F1A6ED9FB00499BBA /* Info.plist */,
				E27F9A101A6ED9FB00499BBA /* main.m */,
			);
			name = "Supporting Files";
			sourceTree = "<group>";
		};
		E27F9A271A6ED9FB00499BBA /* enCloseTests */ = {
			isa = PBXGroup;
			children = (
				E27F9A2A1A6ED9FB00499BBA /* enCloseTests.m */,
				E27F9A281A6ED9FB00499BBA /* Supporting Files */,
			);
			path = enCloseTests;
			sourceTree = "<group>";
		};
		E27F9A281A6ED9FB00499BBA /* Supporting Files */ = {
			isa = PBXGroup;
			children = (
				E27F9A291A6ED9FB00499BBA /* Info.plist */,
			);
			name = "Supporting Files";
			sourceTree = "<group>";
		};
/* End PBXGroup section */

/* Begin PBXNativeTarget section */
		E27F9A0A1A6ED9FB00499BBA /* enClose */ = {
			isa = PBXNativeTarget;
			buildConfigurationList = E27F9A2E1A6ED9FB00499BBA /* Build configuration list for PBXNativeTarget "enClose" */;
			buildPhases = (
				E27F9A071A6ED9FB00499BBA /* Sources */,
				E27F9A081A6ED9FB00499BBA /* Frameworks */,
				E27F9A091A6ED9FB00499BBA /* Resources */,
			);
			buildRules = (
			);
			dependencies = (
			);
			name = enClose;
			productName = enClose;
			productReference = E27F9A0B1A6ED9FB00499BBA /* enClose.app */;
			productType = "com.apple.product-type.application";
		};
		E27F9A231A6ED9FB00499BBA /* enCloseTests */ = {
			isa = PBXNativeTarget;
			buildConfigurationList = E27F9A311A6ED9FB00499BBA /* Build configuration list for PBXNativeTarget "enCloseTests" */;
			buildPhases = (
				E27F9A201A6ED9FB00499BBA /* Sources */,
				E27F9A211A6ED9FB00499BBA /* Frameworks */,
				E27F9A221A6ED9FB00499BBA /* Resources */,
			);
			buildRules = (
			);
			dependencies = (
				E27F9A261A6ED9FB00499BBA /* PBXTargetDependency */,
			);
			name = enCloseTests;
			productName = enCloseTests;
			productReference = E27F9A241A6ED9FB00499BBA /* enCloseTests.xctest */;
			productType = "com.apple.product-type.bundle.unit-test";
		};
/* End PBXNativeTarget section */

/* Begin PBXProject section */
		E27F9A031A6ED9FB00499BBA /* Project object */ = {
			isa = PBXProject;
			attributes = {
				LastUpgradeCheck = 0720;
				ORGANIZATIONNAME = malouf;
				TargetAttributes = {
					E27F9A0A1A6ED9FB00499BBA = {
						CreatedOnToolsVersion = 6.1.1;
					};
					E27F9A231A6ED9FB00499BBA = {
						CreatedOnToolsVersion = 6.1.1;
						TestTargetID = E27F9A0A1A6ED9FB00499BBA;
					};
				};
			};
			buildConfigurationList = E27F9A061A6ED9FB00499BBA /* Build configuration list for PBXProject "enClose" */;
			compatibilityVersion = "Xcode 3.2";
			developmentRegion = English;
			hasScannedForEncodings = 0;
			knownRegions = (
				en,
				Base,
			);
			mainGroup = E27F9A021A6ED9FB00499BBA;
			productRefGroup = E27F9A0C1A6ED9FB00499BBA /* Products */;
			projectDirPath = "";
			projectRoot = "";
			targets = (
				E27F9A0A1A6ED9FB00499BBA /* enClose */,
				E27F9A231A6ED9FB00499BBA /* enCloseTests */,
			);
		};
/* End PBXProject section */

/* Begin PBXResourcesBuildPhase section */
		E27F9A091A6ED9FB00499BBA /* Resources */ = {
			isa = PBXResourcesBuildPhase;
			buildActionMask = 2147483647;
			files = (
				E27F9A351A6EDA4600499BBA /* www in Resources */,
				E27F9A1A1A6ED9FB00499BBA /* Main.storyboard in Resources */,
				E27F9A1F1A6ED9FB00499BBA /* LaunchScreen.xib in Resources */,
				E27F9A1C1A6ED9FB00499BBA /* Images.xcassets in Resources */,
			);
			runOnlyForDeploymentPostprocessing = 0;
		};
		E27F9A221A6ED9FB00499BBA /* Resources */ = {
			isa = PBXResourcesBuildPhase;
			buildActionMask = 2147483647;
			files = (
			);
			runOnlyForDeploymentPostprocessing = 0;
		};
/* End PBXResourcesBuildPhase section */

/* Begin PBXSourcesBuildPhase section */
		E27F9A071A6ED9FB00499BBA /* Sources */ = {
			isa = PBXSourcesBuildPhase;
			buildActionMask = 2147483647;
			files = (
				E27F9A171A6ED9FB00499BBA /* ViewController.m in Sources */,
				E27F9A141A6ED9FB00499BBA /* AppDelegate.m in Sources */,
				E27F9A111A6ED9FB00499BBA /* main.m in Sources */,
			);
			runOnlyForDeploymentPostprocessing = 0;
		};
		E27F9A201A6ED9FB00499BBA /* Sources */ = {
			isa = PBXSourcesBuildPhase;
			buildActionMask = 2147483647;
			files = (
				E27F9A2B1A6ED9FB00499BBA /* enCloseTests.m in Sources */,
			);
			runOnlyForDeploymentPostprocessing = 0;
		};
/* End PBXSourcesBuildPhase section */

/* Begin PBXTargetDependency section */
		E27F9A261A6ED9FB00499BBA /* PBXTargetDependency */ = {
			isa = PBXTargetDependency;
			target = E27F9A0A1A6ED9FB00499BBA /* enClose */;
			targetProxy = E27F9A251A6ED9FB00499BBA /* PBXContainerItemProxy */;
		};
/* End PBXTargetDependency section */

/* Begin PBXVariantGroup section */
		E27F9A181A6ED9FB00499BBA /* Main.storyboard */ = {
			isa = PBXVariantGroup;
			children = (
				E27F9A191A6ED9FB00499BBA /* Base */,
			);
			name = Main.storyboard;
			sourceTree = "<group>";
		};
		E27F9A1D1A6ED9FB00499BBA /* LaunchScreen.xib */ = {
			isa = PBXVariantGroup;
			children = (
				E27F9A1E1A6ED9FB00499BBA /* Base */,
			);
			name = LaunchScreen.xib;
			sourceTree = "<group>";
		};
/* End PBXVariantGroup section */

/* Begin XCBuildConfiguration section */
		E27F9A2C1A6ED9FB00499BBA /* Debug */ = {
			isa = XCBuildConfiguration;
			buildSettings = {
				ALWAYS_SEARCH_USER_PATHS = NO;
				CLANG_CXX_LANGUAGE_STANDARD = "gnu++0x";
				CLANG_CXX_LIBRARY = "libc++";
				CLANG_ENABLE_MODULES = YES;
				CLANG_ENABLE_OBJC_ARC = YES;
				CLANG_WARN_BOOL_CONVERSION = YES;
				CLANG_WARN_CONSTANT_CONVERSION = YES;
				CLANG_WARN_DIRECT_OBJC_ISA_USAGE = YES_ERROR;
				CLANG_WARN_EMPTY_BODY = YES;
				CLANG_WARN_ENUM_CONVERSION = YES;
				CLANG_WARN_INT_CONVERSION = YES;
				CLANG_WARN_OBJC_ROOT_CLASS = YES_ERROR;
				CLANG_WARN_UNREACHABLE_CODE = YES;
				CLANG_WARN__DUPLICATE_METHOD_MATCH = YES;
				"CODE_SIGN_IDENTITY[sdk=iphoneos*]" = "iPhone Developer";
				COPY_PHASE_STRIP = NO;
				ENABLE_STRICT_OBJC_MSGSEND = YES;
				ENABLE_TESTABILITY = YES;
				GCC_C_LANGUAGE_STANDARD = gnu99;
				GCC_DYNAMIC_NO_PIC = NO;
				GCC_OPTIMIZATION_LEVEL = 0;
				GCC_PREPROCESSOR_DEFINITIONS = (
					"DEBUG=1",
					"$(inherited)",
				);
				GCC_SYMBOLS_PRIVATE_EXTERN = NO;
				GCC_WARN_64_TO_32_BIT_CONVERSION = YES;
				GCC_WARN_ABOUT_RETURN_TYPE = YES_ERROR;
				GCC_WARN_UNDECLARED_SELECTOR = YES;
				GCC_WARN_UNINITIALIZED_AUTOS = YES_AGGRESSIVE;
				GCC_WARN_UNUSED_FUNCTION = YES;
				GCC_WARN_UNUSED_VARIABLE = YES;
				IPHONEOS_DEPLOYMENT_TARGET = 8.1;
				MTL_ENABLE_DEBUG_INFO = YES;
				ONLY_ACTIVE_ARCH = YES;
				SDKROOT = iphoneos;
				TARGETED_DEVICE_FAMILY = "1,2";
			};
			name = Debug;
		};
		E27F9A2D1A6ED9FB00499BBA /* Release */ = {
			isa = XCBuildConfiguration;
			buildSettings = {
				ALWAYS_SEARCH_USER_PATHS = NO;
				CLANG_CXX_LANGUAGE_STANDARD = "gnu++0x";
				CLANG_CXX_LIBRARY = "libc++";
				CLANG_ENABLE_MODULES = YES;
				CLANG_ENABLE_OBJC_ARC = YES;
				CLANG_WARN_BOOL_CONVERSION = YES;
				CLANG_WARN_CONSTANT_CONVERSION = YES;
				CLANG_WARN_DIRECT_OBJC_ISA_USAGE = YES_ERROR;
				CLANG_WARN_EMPTY_BODY = YES;
				CLANG_WARN_ENUM_CONVERSION = YES;
				CLANG_WARN_INT_CONVERSION = YES;
				CLANG_WARN_OBJC_ROOT_CLASS = YES_ERROR;
				CLANG_WARN_UNREACHABLE_CODE = YES;
				CLANG_WARN__DUPLICATE_METHOD_MATCH = YES;
				"CODE_SIGN_IDENTITY[sdk=iphoneos*]" = "iPhone Developer";
				COPY_PHASE_STRIP = YES;
				ENABLE_NS_ASSERTIONS = NO;
				ENABLE_STRICT_OBJC_MSGSEND = YES;
				GCC_C_LANGUAGE_STANDARD = gnu99;
				GCC_WARN_64_TO_32_BIT_CONVERSION = YES;
				GCC_WARN_ABOUT_RETURN_TYPE = YES_ERROR;
				GCC_WARN_UNDECLARED_SELECTOR = YES;
				GCC_WARN_UNINITIALIZED_AUTOS = YES_AGGRESSIVE;
				GCC_WARN_UNUSED_FUNCTION = YES;
				GCC_WARN_UNUSED_VARIABLE = YES;
				IPHONEOS_DEPLOYMENT_TARGET = 8.1;
				MTL_ENABLE_DEBUG_INFO = NO;
				SDKROOT = iphoneos;
				TARGETED_DEVICE_FAMILY = "1,2";
				VALIDATE_PRODUCT = YES;
			};
			name = Release;
		};
		E27F9A2F1A6ED9FB00499BBA /* Debug */ = {
			isa = XCBuildConfiguration;
			buildSettings = {
				ASSETCATALOG_COMPILER_APPICON_NAME = AppIcon;
				INFOPLIST_FILE = enClose/Info.plist;
				LD_RUNPATH_SEARCH_PATHS = "$(inherited) @executable_path/Frameworks";
				PRODUCT_BUNDLE_IDENTIFIER = "fellowgeek.$(PRODUCT_NAME:rfc1034identifier)";
				PRODUCT_NAME = "$(TARGET_NAME)";
			};
			name = Debug;
		};
		E27F9A301A6ED9FB00499BBA /* Release */ = {
			isa = XCBuildConfiguration;
			buildSettings = {
				ASSETCATALOG_COMPILER_APPICON_NAME = AppIcon;
				INFOPLIST_FILE = enClose/Info.plist;
				LD_RUNPATH_SEARCH_PATHS = "$(inherited) @executable_path/Frameworks";
				PRODUCT_BUNDLE_IDENTIFIER = "fellowgeek.$(PRODUCT_NAME:rfc1034identifier)";
				PRODUCT_NAME = "$(TARGET_NAME)";
			};
			name = Release;
		};
		E27F9A321A6ED9FB00499BBA /* Debug */ = {
			isa = XCBuildConfiguration;
			buildSettings = {
				BUNDLE_LOADER = "$(TEST_HOST)";
				FRAMEWORK_SEARCH_PATHS = (
					"$(SDKROOT)/Developer/Library/Frameworks",
					"$(inherited)",
				);
				GCC_PREPROCESSOR_DEFINITIONS = (
					"DEBUG=1",
					"$(inherited)",
				);
				INFOPLIST_FILE = enCloseTests/Info.plist;
				LD_RUNPATH_SEARCH_PATHS = "$(inherited) @executable_path/Frameworks @loader_path/Frameworks";
				PRODUCT_BUNDLE_IDENTIFIER = "fellowgeek.$(PRODUCT_NAME:rfc1034identifier)";
				PRODUCT_NAME = "$(TARGET_NAME)";
				TEST_HOST = "$(BUILT_PRODUCTS_DIR)/enClose.app/enClose";
			};
			name = Debug;
		};
		E27F9A331A6ED9FB00499BBA /* Release */ = {
			isa = XCBuildConfiguration;
			buildSettings = {
				BUNDLE_LOADER = "$(TEST_HOST)";
				FRAMEWORK_SEARCH_PATHS = (
					"$(SDKROOT)/Developer/Library/Frameworks",
					"$(inherited)",
				);
				INFOPLIST_FILE = enCloseTests/Info.plist;
				LD_RUNPATH_SEARCH_PATHS = "$(inherited) @executable_path/Frameworks @loader_path/Frameworks";
				PRODUCT_BUNDLE_IDENTIFIER = "fellowgeek.$(PRODUCT_NAME:rfc1034identifier)";
				PRODUCT_NAME = "$(TARGET_NAME)";
				TEST_HOST = "$(BUILT_PRODUCTS_DIR)/enClose.app/enClose";
			};
			name = Release;
		};
/* End XCBuildConfiguration section */

/* Begin XCConfigurationList section */
		E27F9A061A6ED9FB00499BBA /* Build configuration list for PBXProject "enClose" */ = {
			isa = XCConfigurationList;
			buildConfigurations = (
				E27F9A2C1A6ED9FB00499BBA /* Debug */,
				E27F9A2D1A6ED9FB00499BBA /* Release */,
			);
			defaultConfigurationIsVisible = 0;
			defaultConfigurationName = Release;
		};
		E27F9A2E1A6ED9FB00499BBA /* Build configuration list for PBXNativeTarget "enClose" */ = {
			isa = XCConfigurationList;
			buildConfigurations = (
				E27F9A2F1A6ED9FB00499BBA /* Debug */,
				E27F9A301A6ED9FB00499BBA /* Release */,
			);
			defaultConfigurationIsVisible = 0;
			defaultConfigurationName = Release;
		};
		E27F9A311A6ED9FB00499BBA /* Build configuration list for PBXNativeTarget "enCloseTests" */ = {
			isa = XCConfigurationList;
			buildConfigurations = (
				E27F9A321A6ED9FB00499BBA /* Debug */,
				E27F9A331A6ED9FB00499BBA /* Release */,
			);
			defaultConfigurationIsVisible = 0;
			defaultConfigurationName = Release;
		};
/* End XCConfigurationList section */
	};
	rootObject = E27F9A031A6ED9FB00499BBA /* Project object */;
}
