// !$*UTF8*$!
{
	archiveVersion = 1;
	classes = {
	};
	objectVersion = 54;
	objects = {

/* Begin PBXBuildFile section */
		9622CA16214867C4000FEAF1 /* AppDelegate.swift in Sources */ = {isa = PBXBuildFile; fileRef = 9622CA15214867C4000FEAF1 /* AppDelegate.swift */; };
		9622CA18214867C4000FEAF1 /* ViewController.swift in Sources */ = {isa = PBXBuildFile; fileRef = 9622CA17214867C4000FEAF1 /* ViewController.swift */; };
		9622CA1B214867C4000FEAF1 /* Main.storyboard in Resources */ = {isa = PBXBuildFile; fileRef = 9622CA19214867C4000FEAF1 /* Main.storyboard */; };
		9622CA1D214867C6000FEAF1 /* Assets.xcassets in Resources */ = {isa = PBXBuildFile; fileRef = 9622CA1C214867C6000FEAF1 /* Assets.xcassets */; };
		9622CA20214867C6000FEAF1 /* LaunchScreen.storyboard in Resources */ = {isa = PBXBuildFile; fileRef = 9622CA1E214867C6000FEAF1 /* LaunchScreen.storyboard */; };
		96F01737214B11A000AE0D39 /* www in Resources */ = {isa = PBXBuildFile; fileRef = 96F01736214B11A000AE0D39 /* www */; };
/* End PBXBuildFile section */

/* Begin PBXFileReference section */
		9622CA12214867C4000FEAF1 /* enClose.app */ = {isa = PBXFileReference; explicitFileType = wrapper.application; includeInIndex = 0; path = enClose.app; sourceTree = BUILT_PRODUCTS_DIR; };
		9622CA15214867C4000FEAF1 /* AppDelegate.swift */ = {isa = PBXFileReference; lastKnownFileType = sourcecode.swift; path = AppDelegate.swift; sourceTree = "<group>"; };
		9622CA17214867C4000FEAF1 /* ViewController.swift */ = {isa = PBXFileReference; lastKnownFileType = sourcecode.swift; path = ViewController.swift; sourceTree = "<group>"; };
		9622CA1A214867C4000FEAF1 /* Base */ = {isa = PBXFileReference; lastKnownFileType = file.storyboard; name = Base; path = Base.lproj/Main.storyboard; sourceTree = "<group>"; };
		9622CA1C214867C6000FEAF1 /* Assets.xcassets */ = {isa = PBXFileReference; lastKnownFileType = folder.assetcatalog; path = Assets.xcassets; sourceTree = "<group>"; };
		9622CA1F214867C6000FEAF1 /* Base */ = {isa = PBXFileReference; lastKnownFileType = file.storyboard; name = Base; path = Base.lproj/LaunchScreen.storyboard; sourceTree = "<group>"; };
		9622CA21214867C6000FEAF1 /* Info.plist */ = {isa = PBXFileReference; lastKnownFileType = text.plist.xml; path = Info.plist; sourceTree = "<group>"; };
		96F01736214B11A000AE0D39 /* www */ = {isa = PBXFileReference; lastKnownFileType = folder; path = www; sourceTree = "<group>"; };
/* End PBXFileReference section */

/* Begin PBXFrameworksBuildPhase section */
		9622CA0F214867C4000FEAF1 /* Frameworks */ = {
			isa = PBXFrameworksBuildPhase;
			buildActionMask = 2147483647;
			files = (
			);
			runOnlyForDeploymentPostprocessing = 0;
		};
/* End PBXFrameworksBuildPhase section */

/* Begin PBXGroup section */
		9622CA09214867C4000FEAF1 = {
			isa = PBXGroup;
			children = (
				96F01736214B11A000AE0D39 /* www */,
				9622CA14214867C4000FEAF1 /* enClose */,
				9622CA13214867C4000FEAF1 /* Products */,
			);
			sourceTree = "<group>";
		};
		9622CA13214867C4000FEAF1 /* Products */ = {
			isa = PBXGroup;
			children = (
				9622CA12214867C4000FEAF1 /* enClose.app */,
			);
			name = Products;
			sourceTree = "<group>";
		};
		9622CA14214867C4000FEAF1 /* enClose */ = {
			isa = PBXGroup;
			children = (
				9622CA15214867C4000FEAF1 /* AppDelegate.swift */,
				9622CA17214867C4000FEAF1 /* ViewController.swift */,
				9622CA19214867C4000FEAF1 /* Main.storyboard */,
				9622CA1C214867C6000FEAF1 /* Assets.xcassets */,
				9622CA1E214867C6000FEAF1 /* LaunchScreen.storyboard */,
				9622CA21214867C6000FEAF1 /* Info.plist */,
			);
			path = enClose;
			sourceTree = "<group>";
		};
/* End PBXGroup section */

/* Begin PBXNativeTarget section */
		9622CA11214867C4000FEAF1 /* enClose */ = {
			isa = PBXNativeTarget;
			buildConfigurationList = 9622CA24214867C6000FEAF1 /* Build configuration list for PBXNativeTarget "enClose" */;
			buildPhases = (
				9622CA0E214867C4000FEAF1 /* Sources */,
				9622CA0F214867C4000FEAF1 /* Frameworks */,
				9622CA10214867C4000FEAF1 /* Resources */,
			);
			buildRules = (
			);
			dependencies = (
			);
			name = enClose;
			productName = enClose;
			productReference = 9622CA12214867C4000FEAF1 /* enClose.app */;
			productType = "com.apple.product-type.application";
		};
/* End PBXNativeTarget section */

/* Begin PBXProject section */
		9622CA0A214867C4000FEAF1 /* Project object */ = {
			isa = PBXProject;
			attributes = {
				BuildIndependentTargetsInParallel = YES;
				LastSwiftUpdateCheck = 0940;
				LastUpgradeCheck = 1530;
				TargetAttributes = {
					9622CA11214867C4000FEAF1 = {
						CreatedOnToolsVersion = 9.4.1;
						LastSwiftMigration = 1530;
					};
				};
			};
			buildConfigurationList = 9622CA0D214867C4000FEAF1 /* Build configuration list for PBXProject "enClose" */;
			compatibilityVersion = "Xcode 9.3";
			developmentRegion = en;
			hasScannedForEncodings = 0;
			knownRegions = (
				en,
				Base,
			);
			mainGroup = 9622CA09214867C4000FEAF1;
			productRefGroup = 9622CA13214867C4000FEAF1 /* Products */;
			projectDirPath = "";
			projectRoot = "";
			targets = (
				9622CA11214867C4000FEAF1 /* enClose */,
			);
		};
/* End PBXProject section */

/* Begin PBXResourcesBuildPhase section */
		9622CA10214867C4000FEAF1 /* Resources */ = {
			isa = PBXResourcesBuildPhase;
			buildActionMask = 2147483647;
			files = (
				96F01737214B11A000AE0D39 /* www in Resources */,
				9622CA20214867C6000FEAF1 /* LaunchScreen.storyboard in Resources */,
				9622CA1D214867C6000FEAF1 /* Assets.xcassets in Resources */,
				9622CA1B214867C4000FEAF1 /* Main.storyboard in Resources */,
			);
			runOnlyForDeploymentPostprocessing = 0;
		};
/* End PBXResourcesBuildPhase section */

/* Begin PBXSourcesBuildPhase section */
		9622CA0E214867C4000FEAF1 /* Sources */ = {
			isa = PBXSourcesBuildPhase;
			buildActionMask = 2147483647;
			files = (
				9622CA18214867C4000FEAF1 /* ViewController.swift in Sources */,
				9622CA16214867C4000FEAF1 /* AppDelegate.swift in Sources */,
			);
			runOnlyForDeploymentPostprocessing = 0;
		};
/* End PBXSourcesBuildPhase section */

/* Begin PBXVariantGroup section */
		9622CA19214867C4000FEAF1 /* Main.storyboard */ = {
			isa = PBXVariantGroup;
			children = (
				9622CA1A214867C4000FEAF1 /* Base */,
			);
			name = Main.storyboard;
			sourceTree = "<group>";
		};
		9622CA1E214867C6000FEAF1 /* LaunchScreen.storyboard */ = {
			isa = PBXVariantGroup;
			children = (
				9622CA1F214867C6000FEAF1 /* Base */,
			);
			name = LaunchScreen.storyboard;
			sourceTree = "<group>";
		};
/* End PBXVariantGroup section */

/* Begin XCBuildConfiguration section */
		9622CA22214867C6000FEAF1 /* Debug */ = {
			isa = XCBuildConfiguration;
			buildSettings = {
				ALWAYS_SEARCH_USER_PATHS = NO;
				CLANG_ANALYZER_NONNULL = YES;
				CLANG_ANALYZER_NUMBER_OBJECT_CONVERSION = YES_AGGRESSIVE;
				CLANG_CXX_LANGUAGE_STANDARD = "gnu++14";
				CLANG_CXX_LIBRARY = "libc++";
				CLANG_ENABLE_MODULES = YES;
				CLANG_ENABLE_OBJC_ARC = YES;
				CLANG_ENABLE_OBJC_WEAK = YES;
				CLANG_WARN_BLOCK_CAPTURE_AUTORELEASING = YES;
				CLANG_WARN_BOOL_CONVERSION = YES;
				CLANG_WARN_COMMA = YES;
				CLANG_WARN_CONSTANT_CONVERSION = YES;
				CLANG_WARN_DEPRECATED_OBJC_IMPLEMENTATIONS = YES;
				CLANG_WARN_DIRECT_OBJC_ISA_USAGE = YES_ERROR;
				CLANG_WARN_DOCUMENTATION_COMMENTS = YES;
				CLANG_WARN_EMPTY_BODY = YES;
				CLANG_WARN_ENUM_CONVERSION = YES;
				CLANG_WARN_INFINITE_RECURSION = YES;
				CLANG_WARN_INT_CONVERSION = YES;
				CLANG_WARN_NON_LITERAL_NULL_CONVERSION = YES;
				CLANG_WARN_OBJC_IMPLICIT_RETAIN_SELF = YES;
				CLANG_WARN_OBJC_LITERAL_CONVERSION = YES;
				CLANG_WARN_OBJC_ROOT_CLASS = YES_ERROR;
				CLANG_WARN_QUOTED_INCLUDE_IN_FRAMEWORK_HEADER = YES;
				CLANG_WARN_RANGE_LOOP_ANALYSIS = YES;
				CLANG_WARN_STRICT_PROTOTYPES = YES;
				CLANG_WARN_SUSPICIOUS_MOVE = YES;
				CLANG_WARN_UNGUARDED_AVAILABILITY = YES_AGGRESSIVE;
				CLANG_WARN_UNREACHABLE_CODE = YES;
				CLANG_WARN__DUPLICATE_METHOD_MATCH = YES;
				CODE_SIGN_IDENTITY = "iPhone Developer";
				COPY_PHASE_STRIP = NO;
				DEBUG_INFORMATION_FORMAT = dwarf;
				ENABLE_STRICT_OBJC_MSGSEND = YES;
				ENABLE_TESTABILITY = YES;
				GCC_C_LANGUAGE_STANDARD = gnu11;
				GCC_DYNAMIC_NO_PIC = NO;
				GCC_NO_COMMON_BLOCKS = YES;
				GCC_OPTIMIZATION_LEVEL = 0;
				GCC_PREPROCESSOR_DEFINITIONS = (
					"DEBUG=1",
					"$(inherited)",
				);
				GCC_WARN_64_TO_32_BIT_CONVERSION = YES;
				GCC_WARN_ABOUT_RETURN_TYPE = YES_ERROR;
				GCC_WARN_UNDECLARED_SELECTOR = YES;
				GCC_WARN_UNINITIALIZED_AUTOS = YES_AGGRESSIVE;
				GCC_WARN_UNUSED_FUNCTION = YES;
				GCC_WARN_UNUSED_VARIABLE = YES;
				IPHONEOS_DEPLOYMENT_TARGET = 16.0;
				MTL_ENABLE_DEBUG_INFO = YES;
				ONLY_ACTIVE_ARCH = YES;
				SDKROOT = iphoneos;
				SWIFT_ACTIVE_COMPILATION_CONDITIONS = DEBUG;
				SWIFT_OPTIMIZATION_LEVEL = "-Onone";
			};
			name = Debug;
		};
		9622CA23214867C6000FEAF1 /* Release */ = {
			isa = XCBuildConfiguration;
			buildSettings = {
				ALWAYS_SEARCH_USER_PATHS = NO;
				CLANG_ANALYZER_NONNULL = YES;
				CLANG_ANALYZER_NUMBER_OBJECT_CONVERSION = YES_AGGRESSIVE;
				CLANG_CXX_LANGUAGE_STANDARD = "gnu++14";
				CLANG_CXX_LIBRARY = "libc++";
				CLANG_ENABLE_MODULES = YES;
				CLANG_ENABLE_OBJC_ARC = YES;
				CLANG_ENABLE_OBJC_WEAK = YES;
				CLANG_WARN_BLOCK_CAPTURE_AUTORELEASING = YES;
				CLANG_WARN_BOOL_CONVERSION = YES;
				CLANG_WARN_COMMA = YES;
				CLANG_WARN_CONSTANT_CONVERSION = YES;
				CLANG_WARN_DEPRECATED_OBJC_IMPLEMENTATIONS = YES;
				CLANG_WARN_DIRECT_OBJC_ISA_USAGE = YES_ERROR;
				CLANG_WARN_DOCUMENTATION_COMMENTS = YES;
				CLANG_WARN_EMPTY_BODY = YES;
				CLANG_WARN_ENUM_CONVERSION = YES;
				CLANG_WARN_INFINITE_RECURSION = YES;
				CLANG_WARN_INT_CONVERSION = YES;
				CLANG_WARN_NON_LITERAL_NULL_CONVERSION = YES;
				CLANG_WARN_OBJC_IMPLICIT_RETAIN_SELF = YES;
				CLANG_WARN_OBJC_LITERAL_CONVERSION = YES;
				CLANG_WARN_OBJC_ROOT_CLASS = YES_ERROR;
				CLANG_WARN_QUOTED_INCLUDE_IN_FRAMEWORK_HEADER = YES;
				CLANG_WARN_RANGE_LOOP_ANALYSIS = YES;
				CLANG_WARN_STRICT_PROTOTYPES = YES;
				CLANG_WARN_SUSPICIOUS_MOVE = YES;
				CLANG_WARN_UNGUARDED_AVAILABILITY = YES_AGGRESSIVE;
				CLANG_WARN_UNREACHABLE_CODE = YES;
				CLANG_WARN__DUPLICATE_METHOD_MATCH = YES;
				CODE_SIGN_IDENTITY = "iPhone Developer";
				COPY_PHASE_STRIP = NO;
				DEBUG_INFORMATION_FORMAT = "dwarf-with-dsym";
				ENABLE_NS_ASSERTIONS = NO;
				ENABLE_STRICT_OBJC_MSGSEND = YES;
				GCC_C_LANGUAGE_STANDARD = gnu11;
				GCC_NO_COMMON_BLOCKS = YES;
				GCC_WARN_64_TO_32_BIT_CONVERSION = YES;
				GCC_WARN_ABOUT_RETURN_TYPE = YES_ERROR;
				GCC_WARN_UNDECLARED_SELECTOR = YES;
				GCC_WARN_UNINITIALIZED_AUTOS = YES_AGGRESSIVE;
				GCC_WARN_UNUSED_FUNCTION = YES;
				GCC_WARN_UNUSED_VARIABLE = YES;
				IPHONEOS_DEPLOYMENT_TARGET = 16.0;
				MTL_ENABLE_DEBUG_INFO = NO;
				SDKROOT = iphoneos;
				SWIFT_COMPILATION_MODE = wholemodule;
				SWIFT_OPTIMIZATION_LEVEL = "-O";
				VALIDATE_PRODUCT = YES;
			};
			name = Release;
		};
		9622CA25214867C6000FEAF1 /* Debug */ = {
			isa = XCBuildConfiguration;
			buildSettings = {
				ASSETCATALOG_COMPILER_APPICON_NAME = AppIcon;
				CODE_SIGN_STYLE = Automatic;
				CURRENT_PROJECT_VERSION = 1;
				DEVELOPMENT_TEAM = 7D4344PZ7V;
				INFOPLIST_FILE = enClose/Info.plist;
				INFOPLIST_KEY_CFBundleDisplayName = enClose;
				LD_RUNPATH_SEARCH_PATHS = (
					"$(inherited)",
					"@executable_path/Frameworks",
				);
				MARKETING_VERSION = 2;
				PRODUCT_BUNDLE_IDENTIFIER = fellowgeek.enClose.ios;
				PRODUCT_NAME = "$(TARGET_NAME)";
				SWIFT_VERSION = 5.0;
				TARGETED_DEVICE_FAMILY = "1,2";
			};
			name = Debug;
		};
		9622CA26214867C6000FEAF1 /* Release */ = {
			isa = XCBuildConfiguration;
			buildSettings = {
				ASSETCATALOG_COMPILER_APPICON_NAME = AppIcon;
				CODE_SIGN_STYLE = Automatic;
				CURRENT_PROJECT_VERSION = 1;
				DEVELOPMENT_TEAM = 7D4344PZ7V;
				INFOPLIST_FILE = enClose/Info.plist;
				INFOPLIST_KEY_CFBundleDisplayName = enClose;
				LD_RUNPATH_SEARCH_PATHS = (
					"$(inherited)",
					"@executable_path/Frameworks",
				);
				MARKETING_VERSION = 2;
				PRODUCT_BUNDLE_IDENTIFIER = fellowgeek.enClose.ios;
				PRODUCT_NAME = "$(TARGET_NAME)";
				SWIFT_VERSION = 5.0;
				TARGETED_DEVICE_FAMILY = "1,2";
			};
			name = Release;
		};
/* End XCBuildConfiguration section */

/* Begin XCConfigurationList section */
		9622CA0D214867C4000FEAF1 /* Build configuration list for PBXProject "enClose" */ = {
			isa = XCConfigurationList;
			buildConfigurations = (
				9622CA22214867C6000FEAF1 /* Debug */,
				9622CA23214867C6000FEAF1 /* Release */,
			);
			defaultConfigurationIsVisible = 0;
			defaultConfigurationName = Release;
		};
		9622CA24214867C6000FEAF1 /* Build configuration list for PBXNativeTarget "enClose" */ = {
			isa = XCConfigurationList;
			buildConfigurations = (
				9622CA25214867C6000FEAF1 /* Debug */,
				9622CA26214867C6000FEAF1 /* Release */,
			);
			defaultConfigurationIsVisible = 0;
			defaultConfigurationName = Release;
		};
/* End XCConfigurationList section */
	};
	rootObject = 9622CA0A214867C4000FEAF1 /* Project object */;
}
